
Microsoft Visual Studio Solution File, Format Version 12.00
# Visual Studio Version 16
VisualStudioVersion = 16.0.30406.217
MinimumVisualStudioVersion = 10.0.40219.1
Project("{FAE04EC0-301F-11D3-BF4B-00C04F79EFBC}") = "OOExemplo03", "OOExemplo03\OOExemplo03.csproj", "{3EB9FC41-234F-4263-9F5F-C6F5EDF6B79C}"
EndProject
Global
	GlobalSection(SolutionConfigurationPlatforms) = preSolution
		Debug|Any CPU = Debug|Any CPU
		Release|Any CPU = Release|Any CPU
	EndGlobalSection
	GlobalSection(ProjectConfigurationPlatforms) = postSolution
		{3EB9FC41-234F-4263-9F5F-C6F5EDF6B79C}.Debug|Any CPU.ActiveCfg = Debug|Any CPU
		{3EB9FC41-234F-4263-9F5F-C6F5EDF6B79C}.Debug|Any CPU.Build.0 = Debug|Any CPU
		{3EB9FC41-234F-4263-9F5F-C6F5EDF6B79C}.Release|Any CPU.ActiveCfg = Release|Any CPU
		{3EB9FC41-234F-4263-9F5F-C6F5EDF6B79C}.Release|Any CPU.Build.0 = Release|Any CPU
	EndGlobalSection
	GlobalSection(SolutionProperties) = preSolution
		HideSolutionNode = FALSE
	EndGlobalSection
	GlobalSection(ExtensibilityGlobals) = postSolution
		SolutionGuid = {84CC57A3-766C-4305-A485-C1BA72415BF4}
	EndGlobalSection
EndGlobal
