
Microsoft Visual Studio Solution File, Format Version 12.00
# Visual Studio Version 16
VisualStudioVersion = 16.0.30406.217
MinimumVisualStudioVersion = 10.0.40219.1
Project("{FAE04EC0-301F-11D3-BF4B-00C04F79EFBC}") = "AbstractClassAndMethods", "AbstractClassAndMethods\AbstractClassAndMethods.csproj", "{7579A1F2-5E7A-4B5D-A1F6-0AE3DC043CB5}"
EndProject
Global
	GlobalSection(SolutionConfigurationPlatforms) = preSolution
		Debug|Any CPU = Debug|Any CPU
		Release|Any CPU = Release|Any CPU
	EndGlobalSection
	GlobalSection(ProjectConfigurationPlatforms) = postSolution
		{7579A1F2-5E7A-4B5D-A1F6-0AE3DC043CB5}.Debug|Any CPU.ActiveCfg = Debug|Any CPU
		{7579A1F2-5E7A-4B5D-A1F6-0AE3DC043CB5}.Debug|Any CPU.Build.0 = Debug|Any CPU
		{7579A1F2-5E7A-4B5D-A1F6-0AE3DC043CB5}.Release|Any CPU.ActiveCfg = Release|Any CPU
		{7579A1F2-5E7A-4B5D-A1F6-0AE3DC043CB5}.Release|Any CPU.Build.0 = Release|Any CPU
	EndGlobalSection
	GlobalSection(SolutionProperties) = preSolution
		HideSolutionNode = FALSE
	EndGlobalSection
	GlobalSection(ExtensibilityGlobals) = postSolution
		SolutionGuid = {4C17B4D2-F5A3-4147-BAFD-F70FA33AED6A}
	EndGlobalSection
EndGlobal
